
Microsoft Visual Studio Solution File, Format Version 12.00
# Visual Studio 15
VisualStudioVersion = 15.0.26730.16
MinimumVisualStudioVersion = 10.0.40219.1
Project("{FAE04EC0-301F-11D3-BF4B-00C04F79EFBC}") = "Groot", "Groot\Groot.csproj", "{01A494B0-1FDD-4033-B079-242FE130BD3F}"
EndProject
Project("{FAE04EC0-301F-11D3-BF4B-00C04F79EFBC}") = "Groot.Tests", "Groot.Tests\Groot.Tests.csproj", "{95BC8045-54BF-483D-93A3-C3793BB74A7B}"
EndProject
Global
	GlobalSection(SolutionConfigurationPlatforms) = preSolution
		Debug|Any CPU = Debug|Any CPU
		Release|Any CPU = Release|Any CPU
	EndGlobalSection
	GlobalSection(ProjectConfigurationPlatforms) = postSolution
		{01A494B0-1FDD-4033-B079-242FE130BD3F}.Debug|Any CPU.ActiveCfg = Debug|Any CPU
		{01A494B0-1FDD-4033-B079-242FE130BD3F}.Debug|Any CPU.Build.0 = Debug|Any CPU
		{01A494B0-1FDD-4033-B079-242FE130BD3F}.Release|Any CPU.ActiveCfg = Release|Any CPU
		{01A494B0-1FDD-4033-B079-242FE130BD3F}.Release|Any CPU.Build.0 = Release|Any CPU
		{95BC8045-54BF-483D-93A3-C3793BB74A7B}.Debug|Any CPU.ActiveCfg = Debug|Any CPU
		{95BC8045-54BF-483D-93A3-C3793BB74A7B}.Debug|Any CPU.Build.0 = Debug|Any CPU
		{95BC8045-54BF-483D-93A3-C3793BB74A7B}.Release|Any CPU.ActiveCfg = Release|Any CPU
		{95BC8045-54BF-483D-93A3-C3793BB74A7B}.Release|Any CPU.Build.0 = Release|Any CPU
	EndGlobalSection
	GlobalSection(SolutionProperties) = preSolution
		HideSolutionNode = FALSE
	EndGlobalSection
	GlobalSection(ExtensibilityGlobals) = postSolution
		SolutionGuid = {B9051978-E05A-43B4-809E-72D44FD67447}
	EndGlobalSection
EndGlobal
